
Microsoft Visual Studio Solution File, Format Version 12.00
# Visual Studio 15
VisualStudioVersion = 15.0.26403.7
MinimumVisualStudioVersion = 10.0.40219.1
Project("{FAE04EC0-301F-11D3-BF4B-00C04F79EFBC}") = "StarlightDirector.App", "StarlightDirector.App\StarlightDirector.App.csproj", "{4EEFE73A-5D37-471F-A26E-7E47B5B7D34D}"
EndProject
Project("{FAE04EC0-301F-11D3-BF4B-00C04F79EFBC}") = "StarlightDirector.Core", "StarlightDirector.Core\StarlightDirector.Core.csproj", "{0C0198B0-3E7A-47B1-A876-0EAD931C9ECA}"
EndProject
Project("{FAE04EC0-301F-11D3-BF4B-00C04F79EFBC}") = "StarlightDirector.UI.Controls", "StarlightDirector.UI.Controls\StarlightDirector.UI.Controls.csproj", "{DE218C3B-9404-4D3C-8DC0-47C07D9AD8D8}"
EndProject
Project("{FAE04EC0-301F-11D3-BF4B-00C04F79EFBC}") = "StarlightDirector.UI.Rendering", "StarlightDirector.UI.Rendering\StarlightDirector.UI.Rendering.csproj", "{14F393CA-60B5-40BC-A377-2FBB58A2CC49}"
EndProject
Project("{2150E333-8FDC-42A3-9474-1A3956D46DE8}") = "Solution Items", "Solution Items", "{CE6974CD-0914-48A8-B7F9-CD1BB774188D}"
	ProjectSection(SolutionItems) = preProject
		.editorconfig = .editorconfig
		.gitignore = .gitignore
		appveyor.yml = appveyor.yml
		LICENSE.md = LICENSE.md
		README.md = README.md
	EndProjectSection
EndProject
Project("{FAE04EC0-301F-11D3-BF4B-00C04F79EFBC}") = "StarlightDirector.Beatmap", "StarlightDirector.Beatmap\StarlightDirector.Beatmap.csproj", "{0120AFCB-BCC7-408E-85D5-730ED81F0DD5}"
EndProject
Project("{FAE04EC0-301F-11D3-BF4B-00C04F79EFBC}") = "StarlightDirector.Beatmap.IO", "StarlightDirector.Beatmap.IO\StarlightDirector.Beatmap.IO.csproj", "{1118B117-D3C3-410A-A8F9-99E415CDE10A}"
EndProject
Project("{FAE04EC0-301F-11D3-BF4B-00C04F79EFBC}") = "StarlightDirector.Commanding", "StarlightDirector.Commanding\StarlightDirector.Commanding.csproj", "{0C1FA43E-89EB-45BD-B4DD-268B8FBC6305}"
EndProject
Global
	GlobalSection(SolutionConfigurationPlatforms) = preSolution
		Debug|Any CPU = Debug|Any CPU
		Release|Any CPU = Release|Any CPU
	EndGlobalSection
	GlobalSection(ProjectConfigurationPlatforms) = postSolution
		{4EEFE73A-5D37-471F-A26E-7E47B5B7D34D}.Debug|Any CPU.ActiveCfg = Debug|Any CPU
		{4EEFE73A-5D37-471F-A26E-7E47B5B7D34D}.Debug|Any CPU.Build.0 = Debug|Any CPU
		{4EEFE73A-5D37-471F-A26E-7E47B5B7D34D}.Release|Any CPU.ActiveCfg = Release|Any CPU
		{4EEFE73A-5D37-471F-A26E-7E47B5B7D34D}.Release|Any CPU.Build.0 = Release|Any CPU
		{0C0198B0-3E7A-47B1-A876-0EAD931C9ECA}.Debug|Any CPU.ActiveCfg = Debug|Any CPU
		{0C0198B0-3E7A-47B1-A876-0EAD931C9ECA}.Debug|Any CPU.Build.0 = Debug|Any CPU
		{0C0198B0-3E7A-47B1-A876-0EAD931C9ECA}.Release|Any CPU.ActiveCfg = Release|Any CPU
		{0C0198B0-3E7A-47B1-A876-0EAD931C9ECA}.Release|Any CPU.Build.0 = Release|Any CPU
		{DE218C3B-9404-4D3C-8DC0-47C07D9AD8D8}.Debug|Any CPU.ActiveCfg = Debug|Any CPU
		{DE218C3B-9404-4D3C-8DC0-47C07D9AD8D8}.Debug|Any CPU.Build.0 = Debug|Any CPU
		{DE218C3B-9404-4D3C-8DC0-47C07D9AD8D8}.Release|Any CPU.ActiveCfg = Release|Any CPU
		{DE218C3B-9404-4D3C-8DC0-47C07D9AD8D8}.Release|Any CPU.Build.0 = Release|Any CPU
		{14F393CA-60B5-40BC-A377-2FBB58A2CC49}.Debug|Any CPU.ActiveCfg = Debug|Any CPU
		{14F393CA-60B5-40BC-A377-2FBB58A2CC49}.Debug|Any CPU.Build.0 = Debug|Any CPU
		{14F393CA-60B5-40BC-A377-2FBB58A2CC49}.Release|Any CPU.ActiveCfg = Release|Any CPU
		{14F393CA-60B5-40BC-A377-2FBB58A2CC49}.Release|Any CPU.Build.0 = Release|Any CPU
		{0120AFCB-BCC7-408E-85D5-730ED81F0DD5}.Debug|Any CPU.ActiveCfg = Debug|Any CPU
		{0120AFCB-BCC7-408E-85D5-730ED81F0DD5}.Debug|Any CPU.Build.0 = Debug|Any CPU
		{0120AFCB-BCC7-408E-85D5-730ED81F0DD5}.Release|Any CPU.ActiveCfg = Release|Any CPU
		{0120AFCB-BCC7-408E-85D5-730ED81F0DD5}.Release|Any CPU.Build.0 = Release|Any CPU
		{1118B117-D3C3-410A-A8F9-99E415CDE10A}.Debug|Any CPU.ActiveCfg = Debug|Any CPU
		{1118B117-D3C3-410A-A8F9-99E415CDE10A}.Debug|Any CPU.Build.0 = Debug|Any CPU
		{1118B117-D3C3-410A-A8F9-99E415CDE10A}.Release|Any CPU.ActiveCfg = Release|Any CPU
		{1118B117-D3C3-410A-A8F9-99E415CDE10A}.Release|Any CPU.Build.0 = Release|Any CPU
		{0C1FA43E-89EB-45BD-B4DD-268B8FBC6305}.Debug|Any CPU.ActiveCfg = Debug|Any CPU
		{0C1FA43E-89EB-45BD-B4DD-268B8FBC6305}.Debug|Any CPU.Build.0 = Debug|Any CPU
		{0C1FA43E-89EB-45BD-B4DD-268B8FBC6305}.Release|Any CPU.ActiveCfg = Release|Any CPU
		{0C1FA43E-89EB-45BD-B4DD-268B8FBC6305}.Release|Any CPU.Build.0 = Release|Any CPU
	EndGlobalSection
	GlobalSection(SolutionProperties) = preSolution
		HideSolutionNode = FALSE
	EndGlobalSection
EndGlobal
